
Microsoft Visual Studio Solution File, Format Version 12.00
# Visual Studio 15
Project("{FAE04EC0-301F-11D3-BF4B-00C04F79EFBC}") = "Oculus.Interaction.Editor", "Oculus.Interaction.Editor.csproj", "{E99BF4C9-9C55-0A43-66A4-CD0DBC26A98D}"
EndProject
Project("{FAE04EC0-301F-11D3-BF4B-00C04F79EFBC}") = "Meta.WitAi.Conduit", "Meta.WitAi.Conduit.csproj", "{60D9BCB8-017B-BDFD-F509-EB38387106FC}"
EndProject
Project("{FAE04EC0-301F-11D3-BF4B-00C04F79EFBC}") = "Oculus.VR", "Oculus.VR.csproj", "{E044E8AF-B90A-A65E-8BA7-30BA6839EE1A}"
EndProject
Project("{FAE04EC0-301F-11D3-BF4B-00C04F79EFBC}") = "Oculus.Interaction", "Oculus.Interaction.csproj", "{3BB3C36C-8FE3-9675-E741-C37DFC633036}"
EndProject
Project("{FAE04EC0-301F-11D3-BF4B-00C04F79EFBC}") = "Meta.WitAi.Editor", "Meta.WitAi.Editor.csproj", "{30868AD1-4598-A806-5A6C-638D765EAECA}"
EndProject
Project("{FAE04EC0-301F-11D3-BF4B-00C04F79EFBC}") = "Oculus.Platform", "Oculus.Platform.csproj", "{BD08B483-7E80-7173-9E00-C68CC79E565D}"
EndProject
Project("{FAE04EC0-301F-11D3-BF4B-00C04F79EFBC}") = "Meta.WitAi.Conduit.Editor", "Meta.WitAi.Conduit.Editor.csproj", "{C642C7B8-033A-DB03-A48F-78B3C6B5CED7}"
EndProject
Project("{FAE04EC0-301F-11D3-BF4B-00C04F79EFBC}") = "Meta.WitAi", "Meta.WitAi.csproj", "{37588A4F-C7B3-6FAA-569B-207BCE757E40}"
EndProject
Project("{FAE04EC0-301F-11D3-BF4B-00C04F79EFBC}") = "Oculus.Interaction.OVR.Samples", "Oculus.Interaction.OVR.Samples.csproj", "{27765018-933D-EED4-AF76-4846B9375E1A}"
EndProject
Project("{FAE04EC0-301F-11D3-BF4B-00C04F79EFBC}") = "Assembly-CSharp", "Assembly-CSharp.csproj", "{B03D6039-707E-6FB1-4FF8-53BC450B747B}"
EndProject
Project("{FAE04EC0-301F-11D3-BF4B-00C04F79EFBC}") = "Meta.WitAi.Lib", "Meta.WitAi.Lib.csproj", "{23FC53E8-A516-A3FD-2A6D-C2751D3048BA}"
EndProject
Project("{FAE04EC0-301F-11D3-BF4B-00C04F79EFBC}") = "Oculus.VR.Editor", "Oculus.VR.Editor.csproj", "{871A8894-C515-B9F5-FA5E-A4FCBD687BF1}"
EndProject
Project("{FAE04EC0-301F-11D3-BF4B-00C04F79EFBC}") = "VoiceSDK.Dictation.Runtime", "VoiceSDK.Dictation.Runtime.csproj", "{4C0D62A7-D7BA-161A-7966-2C320D085929}"
EndProject
Project("{FAE04EC0-301F-11D3-BF4B-00C04F79EFBC}") = "Oculus.LipSync", "Oculus.LipSync.csproj", "{62E1C65E-680E-02D0-80B4-D78F2D2D7D5A}"
EndProject
Project("{FAE04EC0-301F-11D3-BF4B-00C04F79EFBC}") = "Oculus.Interaction.OVR", "Oculus.Interaction.OVR.csproj", "{8EB288DB-F85B-8B56-D7E3-B4C390AF3974}"
EndProject
Project("{FAE04EC0-301F-11D3-BF4B-00C04F79EFBC}") = "VoiceSDK.Editor", "VoiceSDK.Editor.csproj", "{04807764-7521-4587-B27B-0E056531753C}"
EndProject
Project("{FAE04EC0-301F-11D3-BF4B-00C04F79EFBC}") = "Meta.WitAI.Lib.Editor", "Meta.WitAI.Lib.Editor.csproj", "{4CF7DC42-23D7-75DB-A52C-8D8A5DE03EE0}"
EndProject
Project("{FAE04EC0-301F-11D3-BF4B-00C04F79EFBC}") = "Oculus.Spatializer.Editor", "Oculus.Spatializer.Editor.csproj", "{B23DF97A-039C-D020-342F-5AAA67977485}"
EndProject
Project("{FAE04EC0-301F-11D3-BF4B-00C04F79EFBC}") = "AssistantCoreSDKRuntime", "AssistantCoreSDKRuntime.csproj", "{F17A1703-1E0A-2F62-CE11-F890359B769B}"
EndProject
Project("{FAE04EC0-301F-11D3-BF4B-00C04F79EFBC}") = "Facebook.Wit.Dictation", "Facebook.Wit.Dictation.csproj", "{215C90F6-431B-9655-1E6C-BAD8870CD928}"
EndProject
Project("{FAE04EC0-301F-11D3-BF4B-00C04F79EFBC}") = "Oculus.AudioManager", "Oculus.AudioManager.csproj", "{96CB8F7A-3BA0-5634-C8C9-CBBDC98A88CF}"
EndProject
Project("{FAE04EC0-301F-11D3-BF4B-00C04F79EFBC}") = "VoiceSDK.Runtime", "VoiceSDK.Runtime.csproj", "{252F044F-54B2-B196-A670-9AB25FEC1AF4}"
EndProject
Project("{FAE04EC0-301F-11D3-BF4B-00C04F79EFBC}") = "Oculus.AudioManager.Audio.Editor", "Oculus.AudioManager.Audio.Editor.csproj", "{7387E859-0B10-A084-96CB-DB9560858AAB}"
EndProject
Project("{FAE04EC0-301F-11D3-BF4B-00C04F79EFBC}") = "Assembly-CSharp-Editor", "Assembly-CSharp-Editor.csproj", "{125AD1C1-1FB8-498B-BA14-C40D7E0BB8AC}"
EndProject
Project("{FAE04EC0-301F-11D3-BF4B-00C04F79EFBC}") = "Oculus.Voice.Demo", "Oculus.Voice.Demo.csproj", "{9FB2FF98-59AD-34A4-50CB-8397C6368521}"
EndProject
Project("{FAE04EC0-301F-11D3-BF4B-00C04F79EFBC}") = "Oculus.VR.Scripts.Editor", "Oculus.VR.Scripts.Editor.csproj", "{A24F6B76-B97C-000A-0BCB-BBA409657F87}"
EndProject
Project("{FAE04EC0-301F-11D3-BF4B-00C04F79EFBC}") = "Meta.WitAi.TTS.Samples", "Meta.WitAi.TTS.Samples.csproj", "{A4FB577F-835F-60AC-E411-1FB65A4FD680}"
EndProject
Project("{FAE04EC0-301F-11D3-BF4B-00C04F79EFBC}") = "Meta.WitAi.TTS", "Meta.WitAi.TTS.csproj", "{88685C62-CF36-6E16-9FBF-903A50DFCB60}"
EndProject
Project("{FAE04EC0-301F-11D3-BF4B-00C04F79EFBC}") = "Oculus.Interaction.Samples.Editor", "Oculus.Interaction.Samples.Editor.csproj", "{C42DEEE1-0212-21AB-80CD-A66E7C34FEBC}"
EndProject
Project("{FAE04EC0-301F-11D3-BF4B-00C04F79EFBC}") = "Meta.WitAi.TTS.Editor", "Meta.WitAi.TTS.Editor.csproj", "{F1928960-E059-D716-C846-0F32820583FD}"
EndProject
Project("{FAE04EC0-301F-11D3-BF4B-00C04F79EFBC}") = "Oculus.Platform.Editor", "Oculus.Platform.Editor.csproj", "{3C6CC788-D1B0-93A8-3B9E-647D2CD23499}"
EndProject
Project("{FAE04EC0-301F-11D3-BF4B-00C04F79EFBC}") = "Oculus.Interaction.OVR.Editor", "Oculus.Interaction.OVR.Editor.csproj", "{C1017B77-E7CB-9DD6-760E-D5AA35EF13A1}"
EndProject
Project("{FAE04EC0-301F-11D3-BF4B-00C04F79EFBC}") = "Oculus.Spatializer", "Oculus.Spatializer.csproj", "{962F2DB4-80A9-290F-ABAE-ECD1ADA6CF98}"
EndProject
Project("{FAE04EC0-301F-11D3-BF4B-00C04F79EFBC}") = "Oculus.LipSync.Editor", "Oculus.LipSync.Editor.csproj", "{75D1B677-A6FF-3E4C-E807-8D947221C3B3}"
EndProject
Project("{FAE04EC0-301F-11D3-BF4B-00C04F79EFBC}") = "Oculus.AudioManager.Utils.Editor", "Oculus.AudioManager.Utils.Editor.csproj", "{C1B3911E-C46A-2193-C96A-600141D49FFA}"
EndProject
Project("{FAE04EC0-301F-11D3-BF4B-00C04F79EFBC}") = "Meta.VoiceSDK.Mic.Common", "Meta.VoiceSDK.Mic.Common.csproj", "{AFB3D6AB-B27C-CA8F-6605-21FF9DC78C17}"
EndProject
Project("{FAE04EC0-301F-11D3-BF4B-00C04F79EFBC}") = "VoiceSDK.Dictation.Editor", "VoiceSDK.Dictation.Editor.csproj", "{25E1558E-0A50-6A81-F885-9EF4B1A29D5D}"
EndProject
Project("{FAE04EC0-301F-11D3-BF4B-00C04F79EFBC}") = "Meta.VoiceSDK.Mic.Other", "Meta.VoiceSDK.Mic.Other.csproj", "{5059CE00-46B7-2752-CF1B-52DA479E14A0}"
EndProject
Project("{FAE04EC0-301F-11D3-BF4B-00C04F79EFBC}") = "AssistantCoreSDKEditor", "AssistantCoreSDKEditor.csproj", "{135B00AE-F52A-7AF6-8E20-97FEC0905DB6}"
EndProject
Project("{FAE04EC0-301F-11D3-BF4B-00C04F79EFBC}") = "Oculus.Interaction.InterfaceSupport", "Oculus.Interaction.InterfaceSupport.csproj", "{81B813B6-993D-C8B7-C619-A4DD0EC21808}"
EndProject
Project("{FAE04EC0-301F-11D3-BF4B-00C04F79EFBC}") = "Facebook.Wit.Dictation.Editor", "Facebook.Wit.Dictation.Editor.csproj", "{2AC074AE-A44D-7EE6-93BC-15DCD5B565C0}"
EndProject
Global
	GlobalSection(SolutionConfigurationPlatforms) = preSolution
		Debug|Any CPU = Debug|Any CPU
		Release|Any CPU = Release|Any CPU
	EndGlobalSection
	GlobalSection(ProjectConfigurationPlatforms) = postSolution
		{E99BF4C9-9C55-0A43-66A4-CD0DBC26A98D}.Debug|Any CPU.ActiveCfg = Debug|Any CPU
		{E99BF4C9-9C55-0A43-66A4-CD0DBC26A98D}.Debug|Any CPU.Build.0 = Debug|Any CPU
		{E99BF4C9-9C55-0A43-66A4-CD0DBC26A98D}.Release|Any CPU.ActiveCfg = Release|Any CPU
		{E99BF4C9-9C55-0A43-66A4-CD0DBC26A98D}.Release|Any CPU.Build.0 = Release|Any CPU
		{60D9BCB8-017B-BDFD-F509-EB38387106FC}.Debug|Any CPU.ActiveCfg = Debug|Any CPU
		{60D9BCB8-017B-BDFD-F509-EB38387106FC}.Debug|Any CPU.Build.0 = Debug|Any CPU
		{60D9BCB8-017B-BDFD-F509-EB38387106FC}.Release|Any CPU.ActiveCfg = Release|Any CPU
		{60D9BCB8-017B-BDFD-F509-EB38387106FC}.Release|Any CPU.Build.0 = Release|Any CPU
		{E044E8AF-B90A-A65E-8BA7-30BA6839EE1A}.Debug|Any CPU.ActiveCfg = Debug|Any CPU
		{E044E8AF-B90A-A65E-8BA7-30BA6839EE1A}.Debug|Any CPU.Build.0 = Debug|Any CPU
		{E044E8AF-B90A-A65E-8BA7-30BA6839EE1A}.Release|Any CPU.ActiveCfg = Release|Any CPU
		{E044E8AF-B90A-A65E-8BA7-30BA6839EE1A}.Release|Any CPU.Build.0 = Release|Any CPU
		{3BB3C36C-8FE3-9675-E741-C37DFC633036}.Debug|Any CPU.ActiveCfg = Debug|Any CPU
		{3BB3C36C-8FE3-9675-E741-C37DFC633036}.Debug|Any CPU.Build.0 = Debug|Any CPU
		{3BB3C36C-8FE3-9675-E741-C37DFC633036}.Release|Any CPU.ActiveCfg = Release|Any CPU
		{3BB3C36C-8FE3-9675-E741-C37DFC633036}.Release|Any CPU.Build.0 = Release|Any CPU
		{30868AD1-4598-A806-5A6C-638D765EAECA}.Debug|Any CPU.ActiveCfg = Debug|Any CPU
		{30868AD1-4598-A806-5A6C-638D765EAECA}.Debug|Any CPU.Build.0 = Debug|Any CPU
		{30868AD1-4598-A806-5A6C-638D765EAECA}.Release|Any CPU.ActiveCfg = Release|Any CPU
		{30868AD1-4598-A806-5A6C-638D765EAECA}.Release|Any CPU.Build.0 = Release|Any CPU
		{BD08B483-7E80-7173-9E00-C68CC79E565D}.Debug|Any CPU.ActiveCfg = Debug|Any CPU
		{BD08B483-7E80-7173-9E00-C68CC79E565D}.Debug|Any CPU.Build.0 = Debug|Any CPU
		{BD08B483-7E80-7173-9E00-C68CC79E565D}.Release|Any CPU.ActiveCfg = Release|Any CPU
		{BD08B483-7E80-7173-9E00-C68CC79E565D}.Release|Any CPU.Build.0 = Release|Any CPU
		{C642C7B8-033A-DB03-A48F-78B3C6B5CED7}.Debug|Any CPU.ActiveCfg = Debug|Any CPU
		{C642C7B8-033A-DB03-A48F-78B3C6B5CED7}.Debug|Any CPU.Build.0 = Debug|Any CPU
		{C642C7B8-033A-DB03-A48F-78B3C6B5CED7}.Release|Any CPU.ActiveCfg = Release|Any CPU
		{C642C7B8-033A-DB03-A48F-78B3C6B5CED7}.Release|Any CPU.Build.0 = Release|Any CPU
		{37588A4F-C7B3-6FAA-569B-207BCE757E40}.Debug|Any CPU.ActiveCfg = Debug|Any CPU
		{37588A4F-C7B3-6FAA-569B-207BCE757E40}.Debug|Any CPU.Build.0 = Debug|Any CPU
		{37588A4F-C7B3-6FAA-569B-207BCE757E40}.Release|Any CPU.ActiveCfg = Release|Any CPU
		{37588A4F-C7B3-6FAA-569B-207BCE757E40}.Release|Any CPU.Build.0 = Release|Any CPU
		{27765018-933D-EED4-AF76-4846B9375E1A}.Debug|Any CPU.ActiveCfg = Debug|Any CPU
		{27765018-933D-EED4-AF76-4846B9375E1A}.Debug|Any CPU.Build.0 = Debug|Any CPU
		{27765018-933D-EED4-AF76-4846B9375E1A}.Release|Any CPU.ActiveCfg = Release|Any CPU
		{27765018-933D-EED4-AF76-4846B9375E1A}.Release|Any CPU.Build.0 = Release|Any CPU
		{B03D6039-707E-6FB1-4FF8-53BC450B747B}.Debug|Any CPU.ActiveCfg = Debug|Any CPU
		{B03D6039-707E-6FB1-4FF8-53BC450B747B}.Debug|Any CPU.Build.0 = Debug|Any CPU
		{B03D6039-707E-6FB1-4FF8-53BC450B747B}.Release|Any CPU.ActiveCfg = Release|Any CPU
		{B03D6039-707E-6FB1-4FF8-53BC450B747B}.Release|Any CPU.Build.0 = Release|Any CPU
		{23FC53E8-A516-A3FD-2A6D-C2751D3048BA}.Debug|Any CPU.ActiveCfg = Debug|Any CPU
		{23FC53E8-A516-A3FD-2A6D-C2751D3048BA}.Debug|Any CPU.Build.0 = Debug|Any CPU
		{23FC53E8-A516-A3FD-2A6D-C2751D3048BA}.Release|Any CPU.ActiveCfg = Release|Any CPU
		{23FC53E8-A516-A3FD-2A6D-C2751D3048BA}.Release|Any CPU.Build.0 = Release|Any CPU
		{871A8894-C515-B9F5-FA5E-A4FCBD687BF1}.Debug|Any CPU.ActiveCfg = Debug|Any CPU
		{871A8894-C515-B9F5-FA5E-A4FCBD687BF1}.Debug|Any CPU.Build.0 = Debug|Any CPU
		{871A8894-C515-B9F5-FA5E-A4FCBD687BF1}.Release|Any CPU.ActiveCfg = Release|Any CPU
		{871A8894-C515-B9F5-FA5E-A4FCBD687BF1}.Release|Any CPU.Build.0 = Release|Any CPU
		{4C0D62A7-D7BA-161A-7966-2C320D085929}.Debug|Any CPU.ActiveCfg = Debug|Any CPU
		{4C0D62A7-D7BA-161A-7966-2C320D085929}.Debug|Any CPU.Build.0 = Debug|Any CPU
		{4C0D62A7-D7BA-161A-7966-2C320D085929}.Release|Any CPU.ActiveCfg = Release|Any CPU
		{4C0D62A7-D7BA-161A-7966-2C320D085929}.Release|Any CPU.Build.0 = Release|Any CPU
		{62E1C65E-680E-02D0-80B4-D78F2D2D7D5A}.Debug|Any CPU.ActiveCfg = Debug|Any CPU
		{62E1C65E-680E-02D0-80B4-D78F2D2D7D5A}.Debug|Any CPU.Build.0 = Debug|Any CPU
		{62E1C65E-680E-02D0-80B4-D78F2D2D7D5A}.Release|Any CPU.ActiveCfg = Release|Any CPU
		{62E1C65E-680E-02D0-80B4-D78F2D2D7D5A}.Release|Any CPU.Build.0 = Release|Any CPU
		{8EB288DB-F85B-8B56-D7E3-B4C390AF3974}.Debug|Any CPU.ActiveCfg = Debug|Any CPU
		{8EB288DB-F85B-8B56-D7E3-B4C390AF3974}.Debug|Any CPU.Build.0 = Debug|Any CPU
		{8EB288DB-F85B-8B56-D7E3-B4C390AF3974}.Release|Any CPU.ActiveCfg = Release|Any CPU
		{8EB288DB-F85B-8B56-D7E3-B4C390AF3974}.Release|Any CPU.Build.0 = Release|Any CPU
		{04807764-7521-4587-B27B-0E056531753C}.Debug|Any CPU.ActiveCfg = Debug|Any CPU
		{04807764-7521-4587-B27B-0E056531753C}.Debug|Any CPU.Build.0 = Debug|Any CPU
		{04807764-7521-4587-B27B-0E056531753C}.Release|Any CPU.ActiveCfg = Release|Any CPU
		{04807764-7521-4587-B27B-0E056531753C}.Release|Any CPU.Build.0 = Release|Any CPU
		{4CF7DC42-23D7-75DB-A52C-8D8A5DE03EE0}.Debug|Any CPU.ActiveCfg = Debug|Any CPU
		{4CF7DC42-23D7-75DB-A52C-8D8A5DE03EE0}.Debug|Any CPU.Build.0 = Debug|Any CPU
		{4CF7DC42-23D7-75DB-A52C-8D8A5DE03EE0}.Release|Any CPU.ActiveCfg = Release|Any CPU
		{4CF7DC42-23D7-75DB-A52C-8D8A5DE03EE0}.Release|Any CPU.Build.0 = Release|Any CPU
		{B23DF97A-039C-D020-342F-5AAA67977485}.Debug|Any CPU.ActiveCfg = Debug|Any CPU
		{B23DF97A-039C-D020-342F-5AAA67977485}.Debug|Any CPU.Build.0 = Debug|Any CPU
		{B23DF97A-039C-D020-342F-5AAA67977485}.Release|Any CPU.ActiveCfg = Release|Any CPU
		{B23DF97A-039C-D020-342F-5AAA67977485}.Release|Any CPU.Build.0 = Release|Any CPU
		{F17A1703-1E0A-2F62-CE11-F890359B769B}.Debug|Any CPU.ActiveCfg = Debug|Any CPU
		{F17A1703-1E0A-2F62-CE11-F890359B769B}.Debug|Any CPU.Build.0 = Debug|Any CPU
		{F17A1703-1E0A-2F62-CE11-F890359B769B}.Release|Any CPU.ActiveCfg = Release|Any CPU
		{F17A1703-1E0A-2F62-CE11-F890359B769B}.Release|Any CPU.Build.0 = Release|Any CPU
		{215C90F6-431B-9655-1E6C-BAD8870CD928}.Debug|Any CPU.ActiveCfg = Debug|Any CPU
		{215C90F6-431B-9655-1E6C-BAD8870CD928}.Debug|Any CPU.Build.0 = Debug|Any CPU
		{215C90F6-431B-9655-1E6C-BAD8870CD928}.Release|Any CPU.ActiveCfg = Release|Any CPU
		{215C90F6-431B-9655-1E6C-BAD8870CD928}.Release|Any CPU.Build.0 = Release|Any CPU
		{96CB8F7A-3BA0-5634-C8C9-CBBDC98A88CF}.Debug|Any CPU.ActiveCfg = Debug|Any CPU
		{96CB8F7A-3BA0-5634-C8C9-CBBDC98A88CF}.Debug|Any CPU.Build.0 = Debug|Any CPU
		{96CB8F7A-3BA0-5634-C8C9-CBBDC98A88CF}.Release|Any CPU.ActiveCfg = Release|Any CPU
		{96CB8F7A-3BA0-5634-C8C9-CBBDC98A88CF}.Release|Any CPU.Build.0 = Release|Any CPU
		{252F044F-54B2-B196-A670-9AB25FEC1AF4}.Debug|Any CPU.ActiveCfg = Debug|Any CPU
		{252F044F-54B2-B196-A670-9AB25FEC1AF4}.Debug|Any CPU.Build.0 = Debug|Any CPU
		{252F044F-54B2-B196-A670-9AB25FEC1AF4}.Release|Any CPU.ActiveCfg = Release|Any CPU
		{252F044F-54B2-B196-A670-9AB25FEC1AF4}.Release|Any CPU.Build.0 = Release|Any CPU
		{7387E859-0B10-A084-96CB-DB9560858AAB}.Debug|Any CPU.ActiveCfg = Debug|Any CPU
		{7387E859-0B10-A084-96CB-DB9560858AAB}.Debug|Any CPU.Build.0 = Debug|Any CPU
		{7387E859-0B10-A084-96CB-DB9560858AAB}.Release|Any CPU.ActiveCfg = Release|Any CPU
		{7387E859-0B10-A084-96CB-DB9560858AAB}.Release|Any CPU.Build.0 = Release|Any CPU
		{125AD1C1-1FB8-498B-BA14-C40D7E0BB8AC}.Debug|Any CPU.ActiveCfg = Debug|Any CPU
		{125AD1C1-1FB8-498B-BA14-C40D7E0BB8AC}.Debug|Any CPU.Build.0 = Debug|Any CPU
		{125AD1C1-1FB8-498B-BA14-C40D7E0BB8AC}.Release|Any CPU.ActiveCfg = Release|Any CPU
		{125AD1C1-1FB8-498B-BA14-C40D7E0BB8AC}.Release|Any CPU.Build.0 = Release|Any CPU
		{9FB2FF98-59AD-34A4-50CB-8397C6368521}.Debug|Any CPU.ActiveCfg = Debug|Any CPU
		{9FB2FF98-59AD-34A4-50CB-8397C6368521}.Debug|Any CPU.Build.0 = Debug|Any CPU
		{9FB2FF98-59AD-34A4-50CB-8397C6368521}.Release|Any CPU.ActiveCfg = Release|Any CPU
		{9FB2FF98-59AD-34A4-50CB-8397C6368521}.Release|Any CPU.Build.0 = Release|Any CPU
		{A24F6B76-B97C-000A-0BCB-BBA409657F87}.Debug|Any CPU.ActiveCfg = Debug|Any CPU
		{A24F6B76-B97C-000A-0BCB-BBA409657F87}.Debug|Any CPU.Build.0 = Debug|Any CPU
		{A24F6B76-B97C-000A-0BCB-BBA409657F87}.Release|Any CPU.ActiveCfg = Release|Any CPU
		{A24F6B76-B97C-000A-0BCB-BBA409657F87}.Release|Any CPU.Build.0 = Release|Any CPU
		{A4FB577F-835F-60AC-E411-1FB65A4FD680}.Debug|Any CPU.ActiveCfg = Debug|Any CPU
		{A4FB577F-835F-60AC-E411-1FB65A4FD680}.Debug|Any CPU.Build.0 = Debug|Any CPU
		{A4FB577F-835F-60AC-E411-1FB65A4FD680}.Release|Any CPU.ActiveCfg = Release|Any CPU
		{A4FB577F-835F-60AC-E411-1FB65A4FD680}.Release|Any CPU.Build.0 = Release|Any CPU
		{88685C62-CF36-6E16-9FBF-903A50DFCB60}.Debug|Any CPU.ActiveCfg = Debug|Any CPU
		{88685C62-CF36-6E16-9FBF-903A50DFCB60}.Debug|Any CPU.Build.0 = Debug|Any CPU
		{88685C62-CF36-6E16-9FBF-903A50DFCB60}.Release|Any CPU.ActiveCfg = Release|Any CPU
		{88685C62-CF36-6E16-9FBF-903A50DFCB60}.Release|Any CPU.Build.0 = Release|Any CPU
		{C42DEEE1-0212-21AB-80CD-A66E7C34FEBC}.Debug|Any CPU.ActiveCfg = Debug|Any CPU
		{C42DEEE1-0212-21AB-80CD-A66E7C34FEBC}.Debug|Any CPU.Build.0 = Debug|Any CPU
		{C42DEEE1-0212-21AB-80CD-A66E7C34FEBC}.Release|Any CPU.ActiveCfg = Release|Any CPU
		{C42DEEE1-0212-21AB-80CD-A66E7C34FEBC}.Release|Any CPU.Build.0 = Release|Any CPU
		{F1928960-E059-D716-C846-0F32820583FD}.Debug|Any CPU.ActiveCfg = Debug|Any CPU
		{F1928960-E059-D716-C846-0F32820583FD}.Debug|Any CPU.Build.0 = Debug|Any CPU
		{F1928960-E059-D716-C846-0F32820583FD}.Release|Any CPU.ActiveCfg = Release|Any CPU
		{F1928960-E059-D716-C846-0F32820583FD}.Release|Any CPU.Build.0 = Release|Any CPU
		{3C6CC788-D1B0-93A8-3B9E-647D2CD23499}.Debug|Any CPU.ActiveCfg = Debug|Any CPU
		{3C6CC788-D1B0-93A8-3B9E-647D2CD23499}.Debug|Any CPU.Build.0 = Debug|Any CPU
		{3C6CC788-D1B0-93A8-3B9E-647D2CD23499}.Release|Any CPU.ActiveCfg = Release|Any CPU
		{3C6CC788-D1B0-93A8-3B9E-647D2CD23499}.Release|Any CPU.Build.0 = Release|Any CPU
		{C1017B77-E7CB-9DD6-760E-D5AA35EF13A1}.Debug|Any CPU.ActiveCfg = Debug|Any CPU
		{C1017B77-E7CB-9DD6-760E-D5AA35EF13A1}.Debug|Any CPU.Build.0 = Debug|Any CPU
		{C1017B77-E7CB-9DD6-760E-D5AA35EF13A1}.Release|Any CPU.ActiveCfg = Release|Any CPU
		{C1017B77-E7CB-9DD6-760E-D5AA35EF13A1}.Release|Any CPU.Build.0 = Release|Any CPU
		{962F2DB4-80A9-290F-ABAE-ECD1ADA6CF98}.Debug|Any CPU.ActiveCfg = Debug|Any CPU
		{962F2DB4-80A9-290F-ABAE-ECD1ADA6CF98}.Debug|Any CPU.Build.0 = Debug|Any CPU
		{962F2DB4-80A9-290F-ABAE-ECD1ADA6CF98}.Release|Any CPU.ActiveCfg = Release|Any CPU
		{962F2DB4-80A9-290F-ABAE-ECD1ADA6CF98}.Release|Any CPU.Build.0 = Release|Any CPU
		{75D1B677-A6FF-3E4C-E807-8D947221C3B3}.Debug|Any CPU.ActiveCfg = Debug|Any CPU
		{75D1B677-A6FF-3E4C-E807-8D947221C3B3}.Debug|Any CPU.Build.0 = Debug|Any CPU
		{75D1B677-A6FF-3E4C-E807-8D947221C3B3}.Release|Any CPU.ActiveCfg = Release|Any CPU
		{75D1B677-A6FF-3E4C-E807-8D947221C3B3}.Release|Any CPU.Build.0 = Release|Any CPU
		{C1B3911E-C46A-2193-C96A-600141D49FFA}.Debug|Any CPU.ActiveCfg = Debug|Any CPU
		{C1B3911E-C46A-2193-C96A-600141D49FFA}.Debug|Any CPU.Build.0 = Debug|Any CPU
		{C1B3911E-C46A-2193-C96A-600141D49FFA}.Release|Any CPU.ActiveCfg = Release|Any CPU
		{C1B3911E-C46A-2193-C96A-600141D49FFA}.Release|Any CPU.Build.0 = Release|Any CPU
		{AFB3D6AB-B27C-CA8F-6605-21FF9DC78C17}.Debug|Any CPU.ActiveCfg = Debug|Any CPU
		{AFB3D6AB-B27C-CA8F-6605-21FF9DC78C17}.Debug|Any CPU.Build.0 = Debug|Any CPU
		{AFB3D6AB-B27C-CA8F-6605-21FF9DC78C17}.Release|Any CPU.ActiveCfg = Release|Any CPU
		{AFB3D6AB-B27C-CA8F-6605-21FF9DC78C17}.Release|Any CPU.Build.0 = Release|Any CPU
		{25E1558E-0A50-6A81-F885-9EF4B1A29D5D}.Debug|Any CPU.ActiveCfg = Debug|Any CPU
		{25E1558E-0A50-6A81-F885-9EF4B1A29D5D}.Debug|Any CPU.Build.0 = Debug|Any CPU
		{25E1558E-0A50-6A81-F885-9EF4B1A29D5D}.Release|Any CPU.ActiveCfg = Release|Any CPU
		{25E1558E-0A50-6A81-F885-9EF4B1A29D5D}.Release|Any CPU.Build.0 = Release|Any CPU
		{5059CE00-46B7-2752-CF1B-52DA479E14A0}.Debug|Any CPU.ActiveCfg = Debug|Any CPU
		{5059CE00-46B7-2752-CF1B-52DA479E14A0}.Debug|Any CPU.Build.0 = Debug|Any CPU
		{5059CE00-46B7-2752-CF1B-52DA479E14A0}.Release|Any CPU.ActiveCfg = Release|Any CPU
		{5059CE00-46B7-2752-CF1B-52DA479E14A0}.Release|Any CPU.Build.0 = Release|Any CPU
		{135B00AE-F52A-7AF6-8E20-97FEC0905DB6}.Debug|Any CPU.ActiveCfg = Debug|Any CPU
		{135B00AE-F52A-7AF6-8E20-97FEC0905DB6}.Debug|Any CPU.Build.0 = Debug|Any CPU
		{135B00AE-F52A-7AF6-8E20-97FEC0905DB6}.Release|Any CPU.ActiveCfg = Release|Any CPU
		{135B00AE-F52A-7AF6-8E20-97FEC0905DB6}.Release|Any CPU.Build.0 = Release|Any CPU
		{81B813B6-993D-C8B7-C619-A4DD0EC21808}.Debug|Any CPU.ActiveCfg = Debug|Any CPU
		{81B813B6-993D-C8B7-C619-A4DD0EC21808}.Debug|Any CPU.Build.0 = Debug|Any CPU
		{81B813B6-993D-C8B7-C619-A4DD0EC21808}.Release|Any CPU.ActiveCfg = Release|Any CPU
		{81B813B6-993D-C8B7-C619-A4DD0EC21808}.Release|Any CPU.Build.0 = Release|Any CPU
		{2AC074AE-A44D-7EE6-93BC-15DCD5B565C0}.Debug|Any CPU.ActiveCfg = Debug|Any CPU
		{2AC074AE-A44D-7EE6-93BC-15DCD5B565C0}.Debug|Any CPU.Build.0 = Debug|Any CPU
		{2AC074AE-A44D-7EE6-93BC-15DCD5B565C0}.Release|Any CPU.ActiveCfg = Release|Any CPU
		{2AC074AE-A44D-7EE6-93BC-15DCD5B565C0}.Release|Any CPU.Build.0 = Release|Any CPU
	EndGlobalSection
	GlobalSection(SolutionProperties) = preSolution
		HideSolutionNode = FALSE
	EndGlobalSection
EndGlobal
